
Microsoft Visual Studio Solution File, Format Version 12.00
# Visual Studio Version 17
VisualStudioVersion = 17.10.35013.160
MinimumVisualStudioVersion = 10.0.40219.1
Project("{FAE04EC0-301F-11D3-BF4B-00C04F79EFBC}") = "ConsoleApp1", "ConsoleApp1\ConsoleApp1.csproj", "{26EB3995-B2A0-441C-8EDA-5198AC5D47AD}"
EndProject
Global
	GlobalSection(SolutionConfigurationPlatforms) = preSolution
		Debug|Any CPU = Debug|Any CPU
		Release|Any CPU = Release|Any CPU
	EndGlobalSection
	GlobalSection(ProjectConfigurationPlatforms) = postSolution
		{26EB3995-B2A0-441C-8EDA-5198AC5D47AD}.Debug|Any CPU.ActiveCfg = Debug|Any CPU
		{26EB3995-B2A0-441C-8EDA-5198AC5D47AD}.Debug|Any CPU.Build.0 = Debug|Any CPU
		{26EB3995-B2A0-441C-8EDA-5198AC5D47AD}.Release|Any CPU.ActiveCfg = Release|Any CPU
		{26EB3995-B2A0-441C-8EDA-5198AC5D47AD}.Release|Any CPU.Build.0 = Release|Any CPU
	EndGlobalSection
	GlobalSection(SolutionProperties) = preSolution
		HideSolutionNode = FALSE
	EndGlobalSection
	GlobalSection(ExtensibilityGlobals) = postSolution
		SolutionGuid = {38AA8709-29A2-4377-BA15-15EB590B5FEE}
	EndGlobalSection
EndGlobal
